// !$*UTF8*$!
{
	archiveVersion = 1;
	classes = {
	};
	objectVersion = 56;
	objects = {

/* Begin PBXBuildFile section */
		3305E7232D4BB1E200B18609 /* AppDelegate.swift in Sources */ = {isa = PBXBuildFile; fileRef = 3305E7222D4BB1E200B18609 /* AppDelegate.swift */; };
		3305E7252D4BB1E200B18609 /* SceneDelegate.swift in Sources */ = {isa = PBXBuildFile; fileRef = 3305E7242D4BB1E200B18609 /* SceneDelegate.swift */; };
		3305E7272D4BB1E200B18609 /* TrackersViewController.swift in Sources */ = {isa = PBXBuildFile; fileRef = 3305E7262D4BB1E200B18609 /* TrackersViewController.swift */; };
		3305E72C2D4BB1E300B18609 /* Assets.xcassets in Resources */ = {isa = PBXBuildFile; fileRef = 3305E72B2D4BB1E300B18609 /* Assets.xcassets */; };
		3305E72F2D4BB1E300B18609 /* Base in Resources */ = {isa = PBXBuildFile; fileRef = 3305E72E2D4BB1E300B18609 /* Base */; };
		3305E7382D4BBFA200B18609 /* TabBarController.swift in Sources */ = {isa = PBXBuildFile; fileRef = 3305E7372D4BBFA200B18609 /* TabBarController.swift */; };
		3305E73C2D4BC25300B18609 /* StatisticsViewController.swift in Sources */ = {isa = PBXBuildFile; fileRef = 3305E73B2D4BC25300B18609 /* StatisticsViewController.swift */; };
		3305E73E2D4BE6D700B18609 /* DateExtension.swift in Sources */ = {isa = PBXBuildFile; fileRef = 3305E73D2D4BE6D700B18609 /* DateExtension.swift */; };
		3331470C2D8C56DC00873014 /* OnBoardingData.swift in Sources */ = {isa = PBXBuildFile; fileRef = 3331470B2D8C56DC00873014 /* OnBoardingData.swift */; };
		333DDF852D884DA8006D4A55 /* OnBoardingViewController.swift in Sources */ = {isa = PBXBuildFile; fileRef = 333DDF842D884DA8006D4A55 /* OnBoardingViewController.swift */; };
		333DDF882D884EE1006D4A55 /* BlueOrRedOnBoardingViewController.swift in Sources */ = {isa = PBXBuildFile; fileRef = 333DDF872D884EE1006D4A55 /* BlueOrRedOnBoardingViewController.swift */; };
		334D819E2D81C3390090591D /* DataProvider.swift in Sources */ = {isa = PBXBuildFile; fileRef = 334D819D2D81C3390090591D /* DataProvider.swift */; };
		334D81A02D81F6FD0090591D /* UIColorMarshalling.swift in Sources */ = {isa = PBXBuildFile; fileRef = 334D819F2D81F6FD0090591D /* UIColorMarshalling.swift */; };
		335C0D4F2D7F988900845036 /* TrackerStore.swift in Sources */ = {isa = PBXBuildFile; fileRef = 335C0D4E2D7F988900845036 /* TrackerStore.swift */; };
		335F25662D899A0F00AA3723 /* ViewModel.swift in Sources */ = {isa = PBXBuildFile; fileRef = 335F25652D899A0F00AA3723 /* ViewModel.swift */; };
		335F25682D899A1A00AA3723 /* CategoriesModel.swift in Sources */ = {isa = PBXBuildFile; fileRef = 335F25672D899A1A00AA3723 /* CategoriesModel.swift */; };
		336A00D32D6BCFF100DC232C /* TrackersCollectionSupplementaryView.swift in Sources */ = {isa = PBXBuildFile; fileRef = 336A00D22D6BCFF100DC232C /* TrackersCollectionSupplementaryView.swift */; };
		3379E47A2D5244E8002FCC3C /* Tracker.swift in Sources */ = {isa = PBXBuildFile; fileRef = 3379E4792D5244E8002FCC3C /* Tracker.swift */; };
		3379E47C2D5245BF002FCC3C /* TrackerCategory.swift in Sources */ = {isa = PBXBuildFile; fileRef = 3379E47B2D5245BF002FCC3C /* TrackerCategory.swift */; };
		3379E47E2D524600002FCC3C /* TrackerRecord.swift in Sources */ = {isa = PBXBuildFile; fileRef = 3379E47D2D524600002FCC3C /* TrackerRecord.swift */; };
		33A765712D7B30DF00952C29 /* TrackerCategoryStore.swift in Sources */ = {isa = PBXBuildFile; fileRef = 33A765702D7B30DF00952C29 /* TrackerCategoryStore.swift */; };
		33ADD43F2D5B8C100088A503 /* NewTrackerViewController.swift in Sources */ = {isa = PBXBuildFile; fileRef = 33ADD43E2D5B8C100088A503 /* NewTrackerViewController.swift */; };
		33ADD4452D5BB01D0088A503 /* NewHabitOrNonRegularEventViewController.swift in Sources */ = {isa = PBXBuildFile; fileRef = 33ADD4442D5BB01D0088A503 /* NewHabitOrNonRegularEventViewController.swift */; };
		33ADD4472D5BCB9D0088A503 /* NewHabitOrNonRegularEventTableViewCell.swift in Sources */ = {isa = PBXBuildFile; fileRef = 33ADD4462D5BCB9D0088A503 /* NewHabitOrNonRegularEventTableViewCell.swift */; };
		33B9E55E2D75F09000824F5F /* Tracker.xcdatamodeld in Sources */ = {isa = PBXBuildFile; fileRef = 33B9E55C2D75F09000824F5F /* Tracker.xcdatamodeld */; };
		33C158AB2D5E20C9003C2894 /* NewHabitOrNonRegularEventEmojiCollectionCell.swift in Sources */ = {isa = PBXBuildFile; fileRef = 33C158AA2D5E20C9003C2894 /* NewHabitOrNonRegularEventEmojiCollectionCell.swift */; };
		33C158AD2D5E399A003C2894 /* NewHabitOrNonRegularEventCollectionSupplementaryView.swift in Sources */ = {isa = PBXBuildFile; fileRef = 33C158AC2D5E399A003C2894 /* NewHabitOrNonRegularEventCollectionSupplementaryView.swift */; };
		33C158AF2D5E458D003C2894 /* NewHabitOrNonRegularEventColorCollectionCell.swift in Sources */ = {isa = PBXBuildFile; fileRef = 33C158AE2D5E458D003C2894 /* NewHabitOrNonRegularEventColorCollectionCell.swift */; };
		33C158B42D610768003C2894 /* NewCategoryViewController.swift in Sources */ = {isa = PBXBuildFile; fileRef = 33C158B32D610768003C2894 /* NewCategoryViewController.swift */; };
		33C158B72D61085E003C2894 /* NewScheduleViewController.swift in Sources */ = {isa = PBXBuildFile; fileRef = 33C158B62D61085E003C2894 /* NewScheduleViewController.swift */; };
		33C158B92D610F7E003C2894 /* NewCategoryNameViewController.swift in Sources */ = {isa = PBXBuildFile; fileRef = 33C158B82D610F7E003C2894 /* NewCategoryNameViewController.swift */; };
		33C79DE32D6B3AB800342ECC /* TrackersCollectionCell.swift in Sources */ = {isa = PBXBuildFile; fileRef = 33C79DE22D6B3AB800342ECC /* TrackersCollectionCell.swift */; };
		33C854FB2D6766CC00A97E27 /* NewScheduleTableViewCell.swift in Sources */ = {isa = PBXBuildFile; fileRef = 33C854FA2D6766CC00A97E27 /* NewScheduleTableViewCell.swift */; };
		33F6422F2D7F161C001FE40A /* TrackerRecordStore.swift in Sources */ = {isa = PBXBuildFile; fileRef = 33F6422E2D7F161C001FE40A /* TrackerRecordStore.swift */; };
		33F642312D7F1852001FE40A /* TrackerScheduleValueTransformer.swift in Sources */ = {isa = PBXBuildFile; fileRef = 33F642302D7F1852001FE40A /* TrackerScheduleValueTransformer.swift */; };
/* End PBXBuildFile section */

/* Begin PBXFileReference section */
		3305E71F2D4BB1E200B18609 /* Tracker.app */ = {isa = PBXFileReference; explicitFileType = wrapper.application; includeInIndex = 0; path = Tracker.app; sourceTree = BUILT_PRODUCTS_DIR; };
		3305E7222D4BB1E200B18609 /* AppDelegate.swift */ = {isa = PBXFileReference; lastKnownFileType = sourcecode.swift; path = AppDelegate.swift; sourceTree = "<group>"; };
		3305E7242D4BB1E200B18609 /* SceneDelegate.swift */ = {isa = PBXFileReference; lastKnownFileType = sourcecode.swift; path = SceneDelegate.swift; sourceTree = "<group>"; };
		3305E7262D4BB1E200B18609 /* TrackersViewController.swift */ = {isa = PBXFileReference; lastKnownFileType = sourcecode.swift; path = TrackersViewController.swift; sourceTree = "<group>"; };
		3305E72B2D4BB1E300B18609 /* Assets.xcassets */ = {isa = PBXFileReference; lastKnownFileType = folder.assetcatalog; path = Assets.xcassets; sourceTree = "<group>"; };
		3305E72E2D4BB1E300B18609 /* Base */ = {isa = PBXFileReference; lastKnownFileType = file.storyboard; name = Base; path = Base.lproj/LaunchScreen.storyboard; sourceTree = "<group>"; };
		3305E7302D4BB1E300B18609 /* Info.plist */ = {isa = PBXFileReference; lastKnownFileType = text.plist.xml; path = Info.plist; sourceTree = "<group>"; };
		3305E7372D4BBFA200B18609 /* TabBarController.swift */ = {isa = PBXFileReference; lastKnownFileType = sourcecode.swift; path = TabBarController.swift; sourceTree = "<group>"; };
		3305E73B2D4BC25300B18609 /* StatisticsViewController.swift */ = {isa = PBXFileReference; lastKnownFileType = sourcecode.swift; path = StatisticsViewController.swift; sourceTree = "<group>"; };
		3305E73D2D4BE6D700B18609 /* DateExtension.swift */ = {isa = PBXFileReference; lastKnownFileType = sourcecode.swift; path = DateExtension.swift; sourceTree = "<group>"; };
		3331470B2D8C56DC00873014 /* OnBoardingData.swift */ = {isa = PBXFileReference; lastKnownFileType = sourcecode.swift; path = OnBoardingData.swift; sourceTree = "<group>"; };
		333DDF842D884DA8006D4A55 /* OnBoardingViewController.swift */ = {isa = PBXFileReference; lastKnownFileType = sourcecode.swift; path = OnBoardingViewController.swift; sourceTree = "<group>"; };
		333DDF872D884EE1006D4A55 /* BlueOrRedOnBoardingViewController.swift */ = {isa = PBXFileReference; lastKnownFileType = sourcecode.swift; path = BlueOrRedOnBoardingViewController.swift; sourceTree = "<group>"; };
		334D819D2D81C3390090591D /* DataProvider.swift */ = {isa = PBXFileReference; lastKnownFileType = sourcecode.swift; path = DataProvider.swift; sourceTree = "<group>"; };
		334D819F2D81F6FD0090591D /* UIColorMarshalling.swift */ = {isa = PBXFileReference; lastKnownFileType = sourcecode.swift; path = UIColorMarshalling.swift; sourceTree = "<group>"; };
		335C0D4E2D7F988900845036 /* TrackerStore.swift */ = {isa = PBXFileReference; lastKnownFileType = sourcecode.swift; path = TrackerStore.swift; sourceTree = "<group>"; };
		335F25652D899A0F00AA3723 /* ViewModel.swift */ = {isa = PBXFileReference; lastKnownFileType = sourcecode.swift; path = ViewModel.swift; sourceTree = "<group>"; };
		335F25672D899A1A00AA3723 /* CategoriesModel.swift */ = {isa = PBXFileReference; lastKnownFileType = sourcecode.swift; path = CategoriesModel.swift; sourceTree = "<group>"; };
		336A00D22D6BCFF100DC232C /* TrackersCollectionSupplementaryView.swift */ = {isa = PBXFileReference; lastKnownFileType = sourcecode.swift; path = TrackersCollectionSupplementaryView.swift; sourceTree = "<group>"; };
		3379E4792D5244E8002FCC3C /* Tracker.swift */ = {isa = PBXFileReference; lastKnownFileType = sourcecode.swift; path = Tracker.swift; sourceTree = "<group>"; };
		3379E47B2D5245BF002FCC3C /* TrackerCategory.swift */ = {isa = PBXFileReference; lastKnownFileType = sourcecode.swift; path = TrackerCategory.swift; sourceTree = "<group>"; };
		3379E47D2D524600002FCC3C /* TrackerRecord.swift */ = {isa = PBXFileReference; lastKnownFileType = sourcecode.swift; path = TrackerRecord.swift; sourceTree = "<group>"; };
		33A765702D7B30DF00952C29 /* TrackerCategoryStore.swift */ = {isa = PBXFileReference; lastKnownFileType = sourcecode.swift; path = TrackerCategoryStore.swift; sourceTree = "<group>"; };
		33ADD43E2D5B8C100088A503 /* NewTrackerViewController.swift */ = {isa = PBXFileReference; lastKnownFileType = sourcecode.swift; path = NewTrackerViewController.swift; sourceTree = "<group>"; };
		33ADD4442D5BB01D0088A503 /* NewHabitOrNonRegularEventViewController.swift */ = {isa = PBXFileReference; lastKnownFileType = sourcecode.swift; path = NewHabitOrNonRegularEventViewController.swift; sourceTree = "<group>"; };
		33ADD4462D5BCB9D0088A503 /* NewHabitOrNonRegularEventTableViewCell.swift */ = {isa = PBXFileReference; lastKnownFileType = sourcecode.swift; path = NewHabitOrNonRegularEventTableViewCell.swift; sourceTree = "<group>"; };
		33B9E55D2D75F09000824F5F /* Tracker.xcdatamodel */ = {isa = PBXFileReference; lastKnownFileType = wrapper.xcdatamodel; path = Tracker.xcdatamodel; sourceTree = "<group>"; };
		33C158AA2D5E20C9003C2894 /* NewHabitOrNonRegularEventEmojiCollectionCell.swift */ = {isa = PBXFileReference; lastKnownFileType = sourcecode.swift; path = NewHabitOrNonRegularEventEmojiCollectionCell.swift; sourceTree = "<group>"; };
		33C158AC2D5E399A003C2894 /* NewHabitOrNonRegularEventCollectionSupplementaryView.swift */ = {isa = PBXFileReference; lastKnownFileType = sourcecode.swift; path = NewHabitOrNonRegularEventCollectionSupplementaryView.swift; sourceTree = "<group>"; };
		33C158AE2D5E458D003C2894 /* NewHabitOrNonRegularEventColorCollectionCell.swift */ = {isa = PBXFileReference; lastKnownFileType = sourcecode.swift; path = NewHabitOrNonRegularEventColorCollectionCell.swift; sourceTree = "<group>"; };
		33C158B32D610768003C2894 /* NewCategoryViewController.swift */ = {isa = PBXFileReference; lastKnownFileType = sourcecode.swift; path = NewCategoryViewController.swift; sourceTree = "<group>"; };
		33C158B62D61085E003C2894 /* NewScheduleViewController.swift */ = {isa = PBXFileReference; lastKnownFileType = sourcecode.swift; path = NewScheduleViewController.swift; sourceTree = "<group>"; };
		33C158B82D610F7E003C2894 /* NewCategoryNameViewController.swift */ = {isa = PBXFileReference; lastKnownFileType = sourcecode.swift; path = NewCategoryNameViewController.swift; sourceTree = "<group>"; };
		33C79DE22D6B3AB800342ECC /* TrackersCollectionCell.swift */ = {isa = PBXFileReference; lastKnownFileType = sourcecode.swift; path = TrackersCollectionCell.swift; sourceTree = "<group>"; };
		33C854FA2D6766CC00A97E27 /* NewScheduleTableViewCell.swift */ = {isa = PBXFileReference; lastKnownFileType = sourcecode.swift; path = NewScheduleTableViewCell.swift; sourceTree = "<group>"; };
		33F6422E2D7F161C001FE40A /* TrackerRecordStore.swift */ = {isa = PBXFileReference; lastKnownFileType = sourcecode.swift; path = TrackerRecordStore.swift; sourceTree = "<group>"; };
		33F642302D7F1852001FE40A /* TrackerScheduleValueTransformer.swift */ = {isa = PBXFileReference; lastKnownFileType = sourcecode.swift; path = TrackerScheduleValueTransformer.swift; sourceTree = "<group>"; };
/* End PBXFileReference section */

/* Begin PBXFrameworksBuildPhase section */
		3305E71C2D4BB1E200B18609 /* Frameworks */ = {
			isa = PBXFrameworksBuildPhase;
			buildActionMask = 2147483647;
			files = (
			);
			runOnlyForDeploymentPostprocessing = 0;
		};
/* End PBXFrameworksBuildPhase section */

/* Begin PBXGroup section */
		3305E7162D4BB1E200B18609 = {
			isa = PBXGroup;
			children = (
				3305E7212D4BB1E200B18609 /* Tracker */,
				3305E7202D4BB1E200B18609 /* Products */,
			);
			sourceTree = "<group>";
		};
		3305E7202D4BB1E200B18609 /* Products */ = {
			isa = PBXGroup;
			children = (
				3305E71F2D4BB1E200B18609 /* Tracker.app */,
			);
			name = Products;
			sourceTree = "<group>";
		};
		3305E7212D4BB1E200B18609 /* Tracker */ = {
			isa = PBXGroup;
			children = (
				334D81A22D820AB30090591D /* App&Scene */,
				3379E47F2D5256DF002FCC3C /* Assets&LaunchSc&Info */,
				33B9E5582D75EF8A00824F5F /* CoreData */,
				334D81A32D820ACD0090591D /* DataProvider */,
				334D81A12D820A820090591D /* Helpers */,
				3379E4782D5244D7002FCC3C /* Models */,
				33C158B22D610744003C2894 /* NewCategoryViewController */,
				33ADD4432D5BB0000088A503 /* NewHabbitOrNonRegularEventViewController */,
				33C158B52D610848003C2894 /* NewScheduleViewController */,
				333DDF862D884DB0006D4A55 /* OnBoardingController */,
				3305E73A2D4BC23E00B18609 /* StatisticsViewController */,
				3305E7362D4BBF8900B18609 /* TabBarController */,
				3305E7392D4BC01400B18609 /* TrackersViewController */,
			);
			path = Tracker;
			sourceTree = "<group>";
		};
		3305E7362D4BBF8900B18609 /* TabBarController */ = {
			isa = PBXGroup;
			children = (
				3305E7372D4BBFA200B18609 /* TabBarController.swift */,
			);
			path = TabBarController;
			sourceTree = "<group>";
		};
		3305E7392D4BC01400B18609 /* TrackersViewController */ = {
			isa = PBXGroup;
			children = (
				33ADD43E2D5B8C100088A503 /* NewTrackerViewController.swift */,
				3305E7262D4BB1E200B18609 /* TrackersViewController.swift */,
				33C79DE22D6B3AB800342ECC /* TrackersCollectionCell.swift */,
				336A00D22D6BCFF100DC232C /* TrackersCollectionSupplementaryView.swift */,
			);
			path = TrackersViewController;
			sourceTree = "<group>";
		};
		3305E73A2D4BC23E00B18609 /* StatisticsViewController */ = {
			isa = PBXGroup;
			children = (
				3305E73B2D4BC25300B18609 /* StatisticsViewController.swift */,
			);
			path = StatisticsViewController;
			sourceTree = "<group>";
		};
		333DDF862D884DB0006D4A55 /* OnBoardingController */ = {
			isa = PBXGroup;
			children = (
				333DDF872D884EE1006D4A55 /* BlueOrRedOnBoardingViewController.swift */,
				333DDF842D884DA8006D4A55 /* OnBoardingViewController.swift */,
				3331470B2D8C56DC00873014 /* OnBoardingData.swift */,
			);
			path = OnBoardingController;
			sourceTree = "<group>";
		};
		334D81A12D820A820090591D /* Helpers */ = {
			isa = PBXGroup;
			children = (
				33F642302D7F1852001FE40A /* TrackerScheduleValueTransformer.swift */,
				334D819F2D81F6FD0090591D /* UIColorMarshalling.swift */,
				3305E73D2D4BE6D700B18609 /* DateExtension.swift */,
			);
			path = Helpers;
			sourceTree = "<group>";
		};
		334D81A22D820AB30090591D /* App&Scene */ = {
			isa = PBXGroup;
			children = (
				3305E7222D4BB1E200B18609 /* AppDelegate.swift */,
				3305E7242D4BB1E200B18609 /* SceneDelegate.swift */,
			);
			path = "App&Scene";
			sourceTree = "<group>";
		};
		334D81A32D820ACD0090591D /* DataProvider */ = {
			isa = PBXGroup;
			children = (
				334D819D2D81C3390090591D /* DataProvider.swift */,
			);
			path = DataProvider;
			sourceTree = "<group>";
		};
		335F25632D8999DE00AA3723 /* CategoriesViewModel */ = {
			isa = PBXGroup;
			children = (
				335F25652D899A0F00AA3723 /* ViewModel.swift */,
			);
			path = CategoriesViewModel;
			sourceTree = "<group>";
		};
		335F25642D8999F700AA3723 /* CategoriesModel */ = {
			isa = PBXGroup;
			children = (
				335F25672D899A1A00AA3723 /* CategoriesModel.swift */,
			);
			path = CategoriesModel;
			sourceTree = "<group>";
		};
		3379E4782D5244D7002FCC3C /* Models */ = {
			isa = PBXGroup;
			children = (
				3379E4792D5244E8002FCC3C /* Tracker.swift */,
				3379E47B2D5245BF002FCC3C /* TrackerCategory.swift */,
				3379E47D2D524600002FCC3C /* TrackerRecord.swift */,
			);
			path = Models;
			sourceTree = "<group>";
		};
		3379E47F2D5256DF002FCC3C /* Assets&LaunchSc&Info */ = {
			isa = PBXGroup;
			children = (
				3305E72B2D4BB1E300B18609 /* Assets.xcassets */,
				3305E72D2D4BB1E300B18609 /* LaunchScreen.storyboard */,
				3305E7302D4BB1E300B18609 /* Info.plist */,
			);
			path = "Assets&LaunchSc&Info";
			sourceTree = "<group>";
		};
		33A7656F2D7B30AA00952C29 /* StoreClasses */ = {
			isa = PBXGroup;
			children = (
				33A765702D7B30DF00952C29 /* TrackerCategoryStore.swift */,
				33F6422E2D7F161C001FE40A /* TrackerRecordStore.swift */,
				335C0D4E2D7F988900845036 /* TrackerStore.swift */,
			);
			path = StoreClasses;
			sourceTree = "<group>";
		};
		33ADD4432D5BB0000088A503 /* NewHabbitOrNonRegularEventViewController */ = {
			isa = PBXGroup;
			children = (
				33ADD4442D5BB01D0088A503 /* NewHabitOrNonRegularEventViewController.swift */,
				33ADD4462D5BCB9D0088A503 /* NewHabitOrNonRegularEventTableViewCell.swift */,
				33C158AA2D5E20C9003C2894 /* NewHabitOrNonRegularEventEmojiCollectionCell.swift */,
				33C158AE2D5E458D003C2894 /* NewHabitOrNonRegularEventColorCollectionCell.swift */,
				33C158AC2D5E399A003C2894 /* NewHabitOrNonRegularEventCollectionSupplementaryView.swift */,
			);
			path = NewHabbitOrNonRegularEventViewController;
			sourceTree = "<group>";
		};
		33B9E5582D75EF8A00824F5F /* CoreData */ = {
			isa = PBXGroup;
			children = (
				33B9E55C2D75F09000824F5F /* Tracker.xcdatamodeld */,
				33A7656F2D7B30AA00952C29 /* StoreClasses */,
			);
			path = CoreData;
			sourceTree = "<group>";
		};
		33C158B22D610744003C2894 /* NewCategoryViewController */ = {
			isa = PBXGroup;
			children = (
				33C158B32D610768003C2894 /* NewCategoryViewController.swift */,
				33C158B82D610F7E003C2894 /* NewCategoryNameViewController.swift */,
				335F25642D8999F700AA3723 /* CategoriesModel */,
				335F25632D8999DE00AA3723 /* CategoriesViewModel */,
			);
			path = NewCategoryViewController;
			sourceTree = "<group>";
		};
		33C158B52D610848003C2894 /* NewScheduleViewController */ = {
			isa = PBXGroup;
			children = (
				33C158B62D61085E003C2894 /* NewScheduleViewController.swift */,
				33C854FA2D6766CC00A97E27 /* NewScheduleTableViewCell.swift */,
			);
			path = NewScheduleViewController;
			sourceTree = "<group>";
		};
/* End PBXGroup section */

/* Begin PBXNativeTarget section */
		3305E71E2D4BB1E200B18609 /* Tracker */ = {
			isa = PBXNativeTarget;
			buildConfigurationList = 3305E7332D4BB1E300B18609 /* Build configuration list for PBXNativeTarget "Tracker" */;
			buildPhases = (
				3305E71B2D4BB1E200B18609 /* Sources */,
				3305E71C2D4BB1E200B18609 /* Frameworks */,
				3305E71D2D4BB1E200B18609 /* Resources */,
			);
			buildRules = (
			);
			dependencies = (
			);
			name = Tracker;
			productName = Tracker;
			productReference = 3305E71F2D4BB1E200B18609 /* Tracker.app */;
			productType = "com.apple.product-type.application";
		};
/* End PBXNativeTarget section */

/* Begin PBXProject section */
		3305E7172D4BB1E200B18609 /* Project object */ = {
			isa = PBXProject;
			attributes = {
				BuildIndependentTargetsInParallel = 1;
				LastSwiftUpdateCheck = 1540;
				LastUpgradeCheck = 1540;
				TargetAttributes = {
					3305E71E2D4BB1E200B18609 = {
						CreatedOnToolsVersion = 15.4;
					};
				};
			};
			buildConfigurationList = 3305E71A2D4BB1E200B18609 /* Build configuration list for PBXProject "Tracker" */;
			compatibilityVersion = "Xcode 14.0";
			developmentRegion = en;
			hasScannedForEncodings = 0;
			knownRegions = (
				en,
				Base,
			);
			mainGroup = 3305E7162D4BB1E200B18609;
			productRefGroup = 3305E7202D4BB1E200B18609 /* Products */;
			projectDirPath = "";
			projectRoot = "";
			targets = (
				3305E71E2D4BB1E200B18609 /* Tracker */,
			);
		};
/* End PBXProject section */

/* Begin PBXResourcesBuildPhase section */
		3305E71D2D4BB1E200B18609 /* Resources */ = {
			isa = PBXResourcesBuildPhase;
			buildActionMask = 2147483647;
			files = (
				3305E72C2D4BB1E300B18609 /* Assets.xcassets in Resources */,
				3305E72F2D4BB1E300B18609 /* Base in Resources */,
			);
			runOnlyForDeploymentPostprocessing = 0;
		};
/* End PBXResourcesBuildPhase section */

/* Begin PBXSourcesBuildPhase section */
		3305E71B2D4BB1E200B18609 /* Sources */ = {
			isa = PBXSourcesBuildPhase;
			buildActionMask = 2147483647;
			files = (
				33C158AB2D5E20C9003C2894 /* NewHabitOrNonRegularEventEmojiCollectionCell.swift in Sources */,
				336A00D32D6BCFF100DC232C /* TrackersCollectionSupplementaryView.swift in Sources */,
				33A765712D7B30DF00952C29 /* TrackerCategoryStore.swift in Sources */,
				33F6422F2D7F161C001FE40A /* TrackerRecordStore.swift in Sources */,
				33C158B42D610768003C2894 /* NewCategoryViewController.swift in Sources */,
				334D81A02D81F6FD0090591D /* UIColorMarshalling.swift in Sources */,
				33C158AF2D5E458D003C2894 /* NewHabitOrNonRegularEventColorCollectionCell.swift in Sources */,
				333DDF852D884DA8006D4A55 /* OnBoardingViewController.swift in Sources */,
				33B9E55E2D75F09000824F5F /* Tracker.xcdatamodeld in Sources */,
				3305E7272D4BB1E200B18609 /* TrackersViewController.swift in Sources */,
				33C158B72D61085E003C2894 /* NewScheduleViewController.swift in Sources */,
				3305E73E2D4BE6D700B18609 /* DateExtension.swift in Sources */,
				334D819E2D81C3390090591D /* DataProvider.swift in Sources */,
				3379E47C2D5245BF002FCC3C /* TrackerCategory.swift in Sources */,
				335C0D4F2D7F988900845036 /* TrackerStore.swift in Sources */,
				33F642312D7F1852001FE40A /* TrackerScheduleValueTransformer.swift in Sources */,
				3305E73C2D4BC25300B18609 /* StatisticsViewController.swift in Sources */,
				333DDF882D884EE1006D4A55 /* BlueOrRedOnBoardingViewController.swift in Sources */,
				3305E7382D4BBFA200B18609 /* TabBarController.swift in Sources */,
				3379E47E2D524600002FCC3C /* TrackerRecord.swift in Sources */,
				33ADD4472D5BCB9D0088A503 /* NewHabitOrNonRegularEventTableViewCell.swift in Sources */,
				335F25662D899A0F00AA3723 /* ViewModel.swift in Sources */,
				33C854FB2D6766CC00A97E27 /* NewScheduleTableViewCell.swift in Sources */,
				33ADD4452D5BB01D0088A503 /* NewHabitOrNonRegularEventViewController.swift in Sources */,
				3331470C2D8C56DC00873014 /* OnBoardingData.swift in Sources */,
				33ADD43F2D5B8C100088A503 /* NewTrackerViewController.swift in Sources */,
				3305E7232D4BB1E200B18609 /* AppDelegate.swift in Sources */,
				33C158AD2D5E399A003C2894 /* NewHabitOrNonRegularEventCollectionSupplementaryView.swift in Sources */,
				3305E7252D4BB1E200B18609 /* SceneDelegate.swift in Sources */,
				33C158B92D610F7E003C2894 /* NewCategoryNameViewController.swift in Sources */,
				335F25682D899A1A00AA3723 /* CategoriesModel.swift in Sources */,
				33C79DE32D6B3AB800342ECC /* TrackersCollectionCell.swift in Sources */,
				3379E47A2D5244E8002FCC3C /* Tracker.swift in Sources */,
			);
			runOnlyForDeploymentPostprocessing = 0;
		};
/* End PBXSourcesBuildPhase section */

/* Begin PBXVariantGroup section */
		3305E72D2D4BB1E300B18609 /* LaunchScreen.storyboard */ = {
			isa = PBXVariantGroup;
			children = (
				3305E72E2D4BB1E300B18609 /* Base */,
			);
			name = LaunchScreen.storyboard;
			sourceTree = "<group>";
		};
/* End PBXVariantGroup section */

/* Begin XCBuildConfiguration section */
		3305E7312D4BB1E300B18609 /* Debug */ = {
			isa = XCBuildConfiguration;
			buildSettings = {
				ALWAYS_SEARCH_USER_PATHS = NO;
				ASSETCATALOG_COMPILER_GENERATE_SWIFT_ASSET_SYMBOL_EXTENSIONS = YES;
				CLANG_ANALYZER_NONNULL = YES;
				CLANG_ANALYZER_NUMBER_OBJECT_CONVERSION = YES_AGGRESSIVE;
				CLANG_CXX_LANGUAGE_STANDARD = "gnu++20";
				CLANG_ENABLE_MODULES = YES;
				CLANG_ENABLE_OBJC_ARC = YES;
				CLANG_ENABLE_OBJC_WEAK = YES;
				CLANG_WARN_BLOCK_CAPTURE_AUTORELEASING = YES;
				CLANG_WARN_BOOL_CONVERSION = YES;
				CLANG_WARN_COMMA = YES;
				CLANG_WARN_CONSTANT_CONVERSION = YES;
				CLANG_WARN_DEPRECATED_OBJC_IMPLEMENTATIONS = YES;
				CLANG_WARN_DIRECT_OBJC_ISA_USAGE = YES_ERROR;
				CLANG_WARN_DOCUMENTATION_COMMENTS = YES;
				CLANG_WARN_EMPTY_BODY = YES;
				CLANG_WARN_ENUM_CONVERSION = YES;
				CLANG_WARN_INFINITE_RECURSION = YES;
				CLANG_WARN_INT_CONVERSION = YES;
				CLANG_WARN_NON_LITERAL_NULL_CONVERSION = YES;
				CLANG_WARN_OBJC_IMPLICIT_RETAIN_SELF = YES;
				CLANG_WARN_OBJC_LITERAL_CONVERSION = YES;
				CLANG_WARN_OBJC_ROOT_CLASS = YES_ERROR;
				CLANG_WARN_QUOTED_INCLUDE_IN_FRAMEWORK_HEADER = YES;
				CLANG_WARN_RANGE_LOOP_ANALYSIS = YES;
				CLANG_WARN_STRICT_PROTOTYPES = YES;
				CLANG_WARN_SUSPICIOUS_MOVE = YES;
				CLANG_WARN_UNGUARDED_AVAILABILITY = YES_AGGRESSIVE;
				CLANG_WARN_UNREACHABLE_CODE = YES;
				CLANG_WARN__DUPLICATE_METHOD_MATCH = YES;
				COPY_PHASE_STRIP = NO;
				DEBUG_INFORMATION_FORMAT = dwarf;
				ENABLE_STRICT_OBJC_MSGSEND = YES;
				ENABLE_TESTABILITY = YES;
				ENABLE_USER_SCRIPT_SANDBOXING = YES;
				GCC_C_LANGUAGE_STANDARD = gnu17;
				GCC_DYNAMIC_NO_PIC = NO;
				GCC_NO_COMMON_BLOCKS = YES;
				GCC_OPTIMIZATION_LEVEL = 0;
				GCC_PREPROCESSOR_DEFINITIONS = (
					"DEBUG=1",
					"$(inherited)",
				);
				GCC_WARN_64_TO_32_BIT_CONVERSION = YES;
				GCC_WARN_ABOUT_RETURN_TYPE = YES_ERROR;
				GCC_WARN_UNDECLARED_SELECTOR = YES;
				GCC_WARN_UNINITIALIZED_AUTOS = YES_AGGRESSIVE;
				GCC_WARN_UNUSED_FUNCTION = YES;
				GCC_WARN_UNUSED_VARIABLE = YES;
				IPHONEOS_DEPLOYMENT_TARGET = 13.4;
				LOCALIZATION_PREFERS_STRING_CATALOGS = YES;
				MTL_ENABLE_DEBUG_INFO = INCLUDE_SOURCE;
				MTL_FAST_MATH = YES;
				ONLY_ACTIVE_ARCH = YES;
				SDKROOT = iphoneos;
				SWIFT_ACTIVE_COMPILATION_CONDITIONS = "DEBUG $(inherited)";
				SWIFT_OPTIMIZATION_LEVEL = "-Onone";
			};
			name = Debug;
		};
		3305E7322D4BB1E300B18609 /* Release */ = {
			isa = XCBuildConfiguration;
			buildSettings = {
				ALWAYS_SEARCH_USER_PATHS = NO;
				ASSETCATALOG_COMPILER_GENERATE_SWIFT_ASSET_SYMBOL_EXTENSIONS = YES;
				CLANG_ANALYZER_NONNULL = YES;
				CLANG_ANALYZER_NUMBER_OBJECT_CONVERSION = YES_AGGRESSIVE;
				CLANG_CXX_LANGUAGE_STANDARD = "gnu++20";
				CLANG_ENABLE_MODULES = YES;
				CLANG_ENABLE_OBJC_ARC = YES;
				CLANG_ENABLE_OBJC_WEAK = YES;
				CLANG_WARN_BLOCK_CAPTURE_AUTORELEASING = YES;
				CLANG_WARN_BOOL_CONVERSION = YES;
				CLANG_WARN_COMMA = YES;
				CLANG_WARN_CONSTANT_CONVERSION = YES;
				CLANG_WARN_DEPRECATED_OBJC_IMPLEMENTATIONS = YES;
				CLANG_WARN_DIRECT_OBJC_ISA_USAGE = YES_ERROR;
				CLANG_WARN_DOCUMENTATION_COMMENTS = YES;
				CLANG_WARN_EMPTY_BODY = YES;
				CLANG_WARN_ENUM_CONVERSION = YES;
				CLANG_WARN_INFINITE_RECURSION = YES;
				CLANG_WARN_INT_CONVERSION = YES;
				CLANG_WARN_NON_LITERAL_NULL_CONVERSION = YES;
				CLANG_WARN_OBJC_IMPLICIT_RETAIN_SELF = YES;
				CLANG_WARN_OBJC_LITERAL_CONVERSION = YES;
				CLANG_WARN_OBJC_ROOT_CLASS = YES_ERROR;
				CLANG_WARN_QUOTED_INCLUDE_IN_FRAMEWORK_HEADER = YES;
				CLANG_WARN_RANGE_LOOP_ANALYSIS = YES;
				CLANG_WARN_STRICT_PROTOTYPES = YES;
				CLANG_WARN_SUSPICIOUS_MOVE = YES;
				CLANG_WARN_UNGUARDED_AVAILABILITY = YES_AGGRESSIVE;
				CLANG_WARN_UNREACHABLE_CODE = YES;
				CLANG_WARN__DUPLICATE_METHOD_MATCH = YES;
				COPY_PHASE_STRIP = NO;
				DEBUG_INFORMATION_FORMAT = "dwarf-with-dsym";
				ENABLE_NS_ASSERTIONS = NO;
				ENABLE_STRICT_OBJC_MSGSEND = YES;
				ENABLE_USER_SCRIPT_SANDBOXING = YES;
				GCC_C_LANGUAGE_STANDARD = gnu17;
				GCC_NO_COMMON_BLOCKS = YES;
				GCC_WARN_64_TO_32_BIT_CONVERSION = YES;
				GCC_WARN_ABOUT_RETURN_TYPE = YES_ERROR;
				GCC_WARN_UNDECLARED_SELECTOR = YES;
				GCC_WARN_UNINITIALIZED_AUTOS = YES_AGGRESSIVE;
				GCC_WARN_UNUSED_FUNCTION = YES;
				GCC_WARN_UNUSED_VARIABLE = YES;
				IPHONEOS_DEPLOYMENT_TARGET = 13.4;
				LOCALIZATION_PREFERS_STRING_CATALOGS = YES;
				MTL_ENABLE_DEBUG_INFO = NO;
				MTL_FAST_MATH = YES;
				SDKROOT = iphoneos;
				SWIFT_COMPILATION_MODE = wholemodule;
				VALIDATE_PRODUCT = YES;
			};
			name = Release;
		};
		3305E7342D4BB1E300B18609 /* Debug */ = {
			isa = XCBuildConfiguration;
			buildSettings = {
				ASSETCATALOG_COMPILER_APPICON_NAME = AppIcon;
				ASSETCATALOG_COMPILER_GLOBAL_ACCENT_COLOR_NAME = AccentColor;
				CODE_SIGN_STYLE = Automatic;
				CURRENT_PROJECT_VERSION = 1;
				DEVELOPMENT_TEAM = 96QUDFWHW9;
				GENERATE_INFOPLIST_FILE = YES;
				INFOPLIST_FILE = "Tracker/Assets&LaunchSc&Info/Info.plist";
				INFOPLIST_KEY_UIApplicationSupportsIndirectInputEvents = YES;
				INFOPLIST_KEY_UILaunchStoryboardName = LaunchScreen;
				INFOPLIST_KEY_UISupportedInterfaceOrientations = UIInterfaceOrientationPortrait;
				INFOPLIST_KEY_UISupportedInterfaceOrientations_iPad = "UIInterfaceOrientationLandscapeLeft UIInterfaceOrientationLandscapeRight UIInterfaceOrientationPortrait UIInterfaceOrientationPortraitUpsideDown";
				IPHONEOS_DEPLOYMENT_TARGET = 13.4;
				LD_RUNPATH_SEARCH_PATHS = (
					"$(inherited)",
					"@executable_path/Frameworks",
				);
				MARKETING_VERSION = 1.0;
				PRODUCT_BUNDLE_IDENTIFIER = com.abaliev.Tracker;
				PRODUCT_NAME = "$(TARGET_NAME)";
				SUPPORTED_PLATFORMS = "iphoneos iphonesimulator";
				SUPPORTS_MACCATALYST = NO;
				SUPPORTS_MAC_DESIGNED_FOR_IPHONE_IPAD = NO;
				SUPPORTS_XR_DESIGNED_FOR_IPHONE_IPAD = NO;
				SWIFT_EMIT_LOC_STRINGS = YES;
				SWIFT_VERSION = 5.0;
				TARGETED_DEVICE_FAMILY = 1;
			};
			name = Debug;
		};
		3305E7352D4BB1E300B18609 /* Release */ = {
			isa = XCBuildConfiguration;
			buildSettings = {
				ASSETCATALOG_COMPILER_APPICON_NAME = AppIcon;
				ASSETCATALOG_COMPILER_GLOBAL_ACCENT_COLOR_NAME = AccentColor;
				CODE_SIGN_STYLE = Automatic;
				CURRENT_PROJECT_VERSION = 1;
				DEVELOPMENT_TEAM = 96QUDFWHW9;
				GENERATE_INFOPLIST_FILE = YES;
				INFOPLIST_FILE = "Tracker/Assets&LaunchSc&Info/Info.plist";
				INFOPLIST_KEY_UIApplicationSupportsIndirectInputEvents = YES;
				INFOPLIST_KEY_UILaunchStoryboardName = LaunchScreen;
				INFOPLIST_KEY_UISupportedInterfaceOrientations = UIInterfaceOrientationPortrait;
				INFOPLIST_KEY_UISupportedInterfaceOrientations_iPad = "UIInterfaceOrientationLandscapeLeft UIInterfaceOrientationLandscapeRight UIInterfaceOrientationPortrait UIInterfaceOrientationPortraitUpsideDown";
				IPHONEOS_DEPLOYMENT_TARGET = 13.4;
				LD_RUNPATH_SEARCH_PATHS = (
					"$(inherited)",
					"@executable_path/Frameworks",
				);
				MARKETING_VERSION = 1.0;
				PRODUCT_BUNDLE_IDENTIFIER = com.abaliev.Tracker;
				PRODUCT_NAME = "$(TARGET_NAME)";
				SUPPORTED_PLATFORMS = "iphoneos iphonesimulator";
				SUPPORTS_MACCATALYST = NO;
				SUPPORTS_MAC_DESIGNED_FOR_IPHONE_IPAD = NO;
				SUPPORTS_XR_DESIGNED_FOR_IPHONE_IPAD = NO;
				SWIFT_EMIT_LOC_STRINGS = YES;
				SWIFT_VERSION = 5.0;
				TARGETED_DEVICE_FAMILY = 1;
			};
			name = Release;
		};
/* End XCBuildConfiguration section */

/* Begin XCConfigurationList section */
		3305E71A2D4BB1E200B18609 /* Build configuration list for PBXProject "Tracker" */ = {
			isa = XCConfigurationList;
			buildConfigurations = (
				3305E7312D4BB1E300B18609 /* Debug */,
				3305E7322D4BB1E300B18609 /* Release */,
			);
			defaultConfigurationIsVisible = 0;
			defaultConfigurationName = Release;
		};
		3305E7332D4BB1E300B18609 /* Build configuration list for PBXNativeTarget "Tracker" */ = {
			isa = XCConfigurationList;
			buildConfigurations = (
				3305E7342D4BB1E300B18609 /* Debug */,
				3305E7352D4BB1E300B18609 /* Release */,
			);
			defaultConfigurationIsVisible = 0;
			defaultConfigurationName = Release;
		};
/* End XCConfigurationList section */

/* Begin XCVersionGroup section */
		33B9E55C2D75F09000824F5F /* Tracker.xcdatamodeld */ = {
			isa = XCVersionGroup;
			children = (
				33B9E55D2D75F09000824F5F /* Tracker.xcdatamodel */,
			);
			currentVersion = 33B9E55D2D75F09000824F5F /* Tracker.xcdatamodel */;
			path = Tracker.xcdatamodeld;
			sourceTree = "<group>";
			versionGroupType = wrapper.xcdatamodel;
		};
/* End XCVersionGroup section */
	};
	rootObject = 3305E7172D4BB1E200B18609 /* Project object */;
}
